
Microsoft Visual Studio Solution File, Format Version 12.00
# Visual Studio 15
VisualStudioVersion = 15.0.28307.421
MinimumVisualStudioVersion = 10.0.40219.1
Project("{FAE04EC0-301F-11D3-BF4B-00C04F79EFBC}") = "CodeBattleNetCore", "CodeBattleNetCore\CodeBattleNetCore.csproj", "{0E54ACD9-6E86-4D82-A498-F69BB6F65E47}"
EndProject
Project("{FAE04EC0-301F-11D3-BF4B-00C04F79EFBC}") = "CodeBattleNetCoreLibrary", "CodeBattleNetCoreLibrary\CodeBattleNetCoreLibrary.csproj", "{38AD5368-8008-4C64-94F6-44F041E7C7AB}"
EndProject
Global
	GlobalSection(SolutionConfigurationPlatforms) = preSolution
		Debug|Any CPU = Debug|Any CPU
		Release|Any CPU = Release|Any CPU
	EndGlobalSection
	GlobalSection(ProjectConfigurationPlatforms) = postSolution
		{0E54ACD9-6E86-4D82-A498-F69BB6F65E47}.Debug|Any CPU.ActiveCfg = Debug|Any CPU
		{0E54ACD9-6E86-4D82-A498-F69BB6F65E47}.Debug|Any CPU.Build.0 = Debug|Any CPU
		{0E54ACD9-6E86-4D82-A498-F69BB6F65E47}.Release|Any CPU.ActiveCfg = Release|Any CPU
		{0E54ACD9-6E86-4D82-A498-F69BB6F65E47}.Release|Any CPU.Build.0 = Release|Any CPU
		{38AD5368-8008-4C64-94F6-44F041E7C7AB}.Debug|Any CPU.ActiveCfg = Debug|Any CPU
		{38AD5368-8008-4C64-94F6-44F041E7C7AB}.Debug|Any CPU.Build.0 = Debug|Any CPU
		{38AD5368-8008-4C64-94F6-44F041E7C7AB}.Release|Any CPU.ActiveCfg = Release|Any CPU
		{38AD5368-8008-4C64-94F6-44F041E7C7AB}.Release|Any CPU.Build.0 = Release|Any CPU
	EndGlobalSection
	GlobalSection(SolutionProperties) = preSolution
		HideSolutionNode = FALSE
	EndGlobalSection
	GlobalSection(ExtensibilityGlobals) = postSolution
		SolutionGuid = {893CDBE9-7F81-47B5-9731-71C71578D932}
	EndGlobalSection
EndGlobal
